{
  "requires": true,
  "lockfileVersion": 1,
  "dependencies": {
    "jquery": {
      "version": "3.6.0",
      "resolved": "https://registry.npmjs.org/jquery/-/jquery-3.6.0.tgz",
      "integrity": "sha512-JVzAR/AjBvVt2BmYhxRCSYysDsPcssdmTFnzyLEts9qNwmjmu4JTAMYubEfwVOSwpQ1I1sKKFcxhZCI2buerfw=="
    },
    "sass-mq": {
      "version": "5.0.1",
      "resolved": "https://registry.npmjs.org/sass-mq/-/sass-mq-5.0.1.tgz",
      "integrity": "sha512-ugSVZO5fzasSFrGfKCtY02spnkOOfo9U9sXuzCuSXoCl1CgcoqdJRdNmigZkhvRVph1GKM6o0pgI00Jjc445CA=="
    }
  }
}
